
Microsoft Visual Studio Solution File, Format Version 12.00
# Visual Studio Version 16
VisualStudioVersion = 16.0.30804.86
MinimumVisualStudioVersion = 10.0.40219.1
Project("{8BC9CEB8-8B4A-11D0-8D11-00A0C91BC942}") = "Quake3Map", "Quake3Map.vcxproj", "{1B02FA8B-22BE-4202-A225-86CFD10DC899}"
EndProject
Global
	GlobalSection(SolutionConfigurationPlatforms) = preSolution
		Debug|x64 = Debug|x64
		Debug|x86 = Debug|x86
		Release|x64 = Release|x64
		Release|x86 = Release|x86
	EndGlobalSection
	GlobalSection(ProjectConfigurationPlatforms) = postSolution
		{1B02FA8B-22BE-4202-A225-86CFD10DC899}.Debug|x64.ActiveCfg = Debug|x64
		{1B02FA8B-22BE-4202-A225-86CFD10DC899}.Debug|x64.Build.0 = Debug|x64
		{1B02FA8B-22BE-4202-A225-86CFD10DC899}.Debug|x86.ActiveCfg = Debug|Win32
		{1B02FA8B-22BE-4202-A225-86CFD10DC899}.Debug|x86.Build.0 = Debug|Win32
		{1B02FA8B-22BE-4202-A225-86CFD10DC899}.Release|x64.ActiveCfg = Release|x64
		{1B02FA8B-22BE-4202-A225-86CFD10DC899}.Release|x64.Build.0 = Release|x64
		{1B02FA8B-22BE-4202-A225-86CFD10DC899}.Release|x86.ActiveCfg = Release|Win32
		{1B02FA8B-22BE-4202-A225-86CFD10DC899}.Release|x86.Build.0 = Release|Win32
	EndGlobalSection
	GlobalSection(SolutionProperties) = preSolution
		HideSolutionNode = FALSE
	EndGlobalSection
	GlobalSection(ExtensibilityGlobals) = postSolution
		SolutionGuid = {35B2AEBE-43DC-466C-93E0-5B2AEE01C438}
	EndGlobalSection
EndGlobal
