
Microsoft Visual Studio Solution File, Format Version 12.00
# Visual Studio Version 16
VisualStudioVersion = 16.0.30804.86
MinimumVisualStudioVersion = 10.0.40219.1
Project("{8BC9CEB8-8B4A-11D0-8D11-00A0C91BC942}") = "01.HelloWorld", "01.HelloWorld.vcxproj", "{F56F4DEB-5A2A-45CC-9769-7996041F287A}"
EndProject
Global
	GlobalSection(SolutionConfigurationPlatforms) = preSolution
		Debug|x64 = Debug|x64
		Debug|x86 = Debug|x86
		Release|x64 = Release|x64
		Release|x86 = Release|x86
	EndGlobalSection
	GlobalSection(ProjectConfigurationPlatforms) = postSolution
		{F56F4DEB-5A2A-45CC-9769-7996041F287A}.Debug|x64.ActiveCfg = Debug|x64
		{F56F4DEB-5A2A-45CC-9769-7996041F287A}.Debug|x64.Build.0 = Debug|x64
		{F56F4DEB-5A2A-45CC-9769-7996041F287A}.Debug|x86.ActiveCfg = Debug|Win32
		{F56F4DEB-5A2A-45CC-9769-7996041F287A}.Debug|x86.Build.0 = Debug|Win32
		{F56F4DEB-5A2A-45CC-9769-7996041F287A}.Release|x64.ActiveCfg = Release|x64
		{F56F4DEB-5A2A-45CC-9769-7996041F287A}.Release|x64.Build.0 = Release|x64
		{F56F4DEB-5A2A-45CC-9769-7996041F287A}.Release|x86.ActiveCfg = Release|Win32
		{F56F4DEB-5A2A-45CC-9769-7996041F287A}.Release|x86.Build.0 = Release|Win32
	EndGlobalSection
	GlobalSection(SolutionProperties) = preSolution
		HideSolutionNode = FALSE
	EndGlobalSection
	GlobalSection(ExtensibilityGlobals) = postSolution
		SolutionGuid = {F3F83F0F-4226-42D3-9316-3A0C87C4E4E2}
	EndGlobalSection
EndGlobal
